
Microsoft Visual Studio Solution File, Format Version 12.00
# Visual Studio Version 17
VisualStudioVersion = 17.4.33110.190
MinimumVisualStudioVersion = 10.0.40219.1
Project("{FAE04EC0-301F-11D3-BF4B-00C04F79EFBC}") = "Jeopardy", "Jeopardy.csproj", "{932811E3-1B4B-4DA0-ACC9-4503230DC95B}"
EndProject
Global
	GlobalSection(SolutionConfigurationPlatforms) = preSolution
		Debug|Any CPU = Debug|Any CPU
		Release|Any CPU = Release|Any CPU
	EndGlobalSection
	GlobalSection(ProjectConfigurationPlatforms) = postSolution
		{932811E3-1B4B-4DA0-ACC9-4503230DC95B}.Debug|Any CPU.ActiveCfg = Debug|Any CPU
		{932811E3-1B4B-4DA0-ACC9-4503230DC95B}.Debug|Any CPU.Build.0 = Debug|Any CPU
		{932811E3-1B4B-4DA0-ACC9-4503230DC95B}.Release|Any CPU.ActiveCfg = Release|Any CPU
		{932811E3-1B4B-4DA0-ACC9-4503230DC95B}.Release|Any CPU.Build.0 = Release|Any CPU
	EndGlobalSection
	GlobalSection(SolutionProperties) = preSolution
		HideSolutionNode = FALSE
	EndGlobalSection
	GlobalSection(ExtensibilityGlobals) = postSolution
		SolutionGuid = {E2270EA0-6975-47A2-9948-391FF6BB5ACF}
	EndGlobalSection
EndGlobal
